
Microsoft Visual Studio Solution File, Format Version 12.00
# Visual Studio Version 16
VisualStudioVersion = 16.0.31205.134
MinimumVisualStudioVersion = 10.0.40219.1
Project("{9A19103F-16F7-4668-BE54-9A1E7A4F7556}") = "Day1Part1", "Day1Part1\Day1Part1.csproj", "{30D0B19C-3BA7-45D9-BA6B-78C31033BF8E}"
	ProjectSection(ProjectDependencies) = postProject
		{121BA86B-0326-47BE-9547-866B4C240A80} = {121BA86B-0326-47BE-9547-866B4C240A80}
	EndProjectSection
EndProject
Project("{9A19103F-16F7-4668-BE54-9A1E7A4F7556}") = "Day1Part2", "Day1Part2\Day1Part2.csproj", "{47450639-29BB-4FD1-83ED-7912A779B848}"
	ProjectSection(ProjectDependencies) = postProject
		{121BA86B-0326-47BE-9547-866B4C240A80} = {121BA86B-0326-47BE-9547-866B4C240A80}
	EndProjectSection
EndProject
Project("{9A19103F-16F7-4668-BE54-9A1E7A4F7556}") = "Day2Part1", "Day2Part1\Day2Part1.csproj", "{321068C8-FB6A-42A2-98EB-2B9D43F7CF08}"
	ProjectSection(ProjectDependencies) = postProject
		{121BA86B-0326-47BE-9547-866B4C240A80} = {121BA86B-0326-47BE-9547-866B4C240A80}
	EndProjectSection
EndProject
Project("{9A19103F-16F7-4668-BE54-9A1E7A4F7556}") = "Utilities", "Utilities\Utilities.csproj", "{121BA86B-0326-47BE-9547-866B4C240A80}"
EndProject
Project("{9A19103F-16F7-4668-BE54-9A1E7A4F7556}") = "Day2Part2", "Day2Part2\Day2Part2.csproj", "{4E5CA8D3-E0EB-4420-98EF-54BA317475A0}"
EndProject
Project("{9A19103F-16F7-4668-BE54-9A1E7A4F7556}") = "Day3Part1", "Day3Part1\Day3Part1.csproj", "{5282D30F-2E6B-481F-B796-4F5D17B7DFD3}"
EndProject
Project("{9A19103F-16F7-4668-BE54-9A1E7A4F7556}") = "Day3Part2", "Day3Part2\Day3Part2.csproj", "{958D84D0-E250-410C-9094-5777057728B5}"
EndProject
Project("{9A19103F-16F7-4668-BE54-9A1E7A4F7556}") = "Day4Part1", "Day4Part1\Day4Part1.csproj", "{E3941EC4-7140-42D9-88FC-2D542C4895E3}"
EndProject
Project("{FAE04EC0-301F-11D3-BF4B-00C04F79EFBC}") = "Day4Part2", "Day4Part2\Day4Part2.csproj", "{37F3A14D-BFF7-4EF5-BC29-1759AF0C5CA3}"
EndProject
Project("{FAE04EC0-301F-11D3-BF4B-00C04F79EFBC}") = "Day5Part1", "Day5Part1\Day5Part1.csproj", "{84AEBF40-F180-4366-B298-050B292B325E}"
EndProject
Project("{FAE04EC0-301F-11D3-BF4B-00C04F79EFBC}") = "Day5Part2", "Day5Part2\Day5Part2.csproj", "{BFC4AEE8-2344-4D2A-B9C8-A4DF179BAB54}"
EndProject
Global
	GlobalSection(SolutionConfigurationPlatforms) = preSolution
		Debug|Any CPU = Debug|Any CPU
		Release|Any CPU = Release|Any CPU
	EndGlobalSection
	GlobalSection(ProjectConfigurationPlatforms) = postSolution
		{30D0B19C-3BA7-45D9-BA6B-78C31033BF8E}.Debug|Any CPU.ActiveCfg = Debug|Any CPU
		{30D0B19C-3BA7-45D9-BA6B-78C31033BF8E}.Debug|Any CPU.Build.0 = Debug|Any CPU
		{30D0B19C-3BA7-45D9-BA6B-78C31033BF8E}.Release|Any CPU.ActiveCfg = Release|Any CPU
		{30D0B19C-3BA7-45D9-BA6B-78C31033BF8E}.Release|Any CPU.Build.0 = Release|Any CPU
		{47450639-29BB-4FD1-83ED-7912A779B848}.Debug|Any CPU.ActiveCfg = Debug|Any CPU
		{47450639-29BB-4FD1-83ED-7912A779B848}.Debug|Any CPU.Build.0 = Debug|Any CPU
		{47450639-29BB-4FD1-83ED-7912A779B848}.Release|Any CPU.ActiveCfg = Release|Any CPU
		{47450639-29BB-4FD1-83ED-7912A779B848}.Release|Any CPU.Build.0 = Release|Any CPU
		{321068C8-FB6A-42A2-98EB-2B9D43F7CF08}.Debug|Any CPU.ActiveCfg = Debug|Any CPU
		{321068C8-FB6A-42A2-98EB-2B9D43F7CF08}.Debug|Any CPU.Build.0 = Debug|Any CPU
		{321068C8-FB6A-42A2-98EB-2B9D43F7CF08}.Release|Any CPU.ActiveCfg = Release|Any CPU
		{321068C8-FB6A-42A2-98EB-2B9D43F7CF08}.Release|Any CPU.Build.0 = Release|Any CPU
		{121BA86B-0326-47BE-9547-866B4C240A80}.Debug|Any CPU.ActiveCfg = Debug|Any CPU
		{121BA86B-0326-47BE-9547-866B4C240A80}.Debug|Any CPU.Build.0 = Debug|Any CPU
		{121BA86B-0326-47BE-9547-866B4C240A80}.Release|Any CPU.ActiveCfg = Release|Any CPU
		{121BA86B-0326-47BE-9547-866B4C240A80}.Release|Any CPU.Build.0 = Release|Any CPU
		{4E5CA8D3-E0EB-4420-98EF-54BA317475A0}.Debug|Any CPU.ActiveCfg = Debug|Any CPU
		{4E5CA8D3-E0EB-4420-98EF-54BA317475A0}.Debug|Any CPU.Build.0 = Debug|Any CPU
		{4E5CA8D3-E0EB-4420-98EF-54BA317475A0}.Release|Any CPU.ActiveCfg = Release|Any CPU
		{4E5CA8D3-E0EB-4420-98EF-54BA317475A0}.Release|Any CPU.Build.0 = Release|Any CPU
		{5282D30F-2E6B-481F-B796-4F5D17B7DFD3}.Debug|Any CPU.ActiveCfg = Debug|Any CPU
		{5282D30F-2E6B-481F-B796-4F5D17B7DFD3}.Debug|Any CPU.Build.0 = Debug|Any CPU
		{5282D30F-2E6B-481F-B796-4F5D17B7DFD3}.Release|Any CPU.ActiveCfg = Release|Any CPU
		{5282D30F-2E6B-481F-B796-4F5D17B7DFD3}.Release|Any CPU.Build.0 = Release|Any CPU
		{958D84D0-E250-410C-9094-5777057728B5}.Debug|Any CPU.ActiveCfg = Debug|Any CPU
		{958D84D0-E250-410C-9094-5777057728B5}.Debug|Any CPU.Build.0 = Debug|Any CPU
		{958D84D0-E250-410C-9094-5777057728B5}.Release|Any CPU.ActiveCfg = Release|Any CPU
		{958D84D0-E250-410C-9094-5777057728B5}.Release|Any CPU.Build.0 = Release|Any CPU
		{E3941EC4-7140-42D9-88FC-2D542C4895E3}.Debug|Any CPU.ActiveCfg = Debug|Any CPU
		{E3941EC4-7140-42D9-88FC-2D542C4895E3}.Debug|Any CPU.Build.0 = Debug|Any CPU
		{E3941EC4-7140-42D9-88FC-2D542C4895E3}.Release|Any CPU.ActiveCfg = Release|Any CPU
		{E3941EC4-7140-42D9-88FC-2D542C4895E3}.Release|Any CPU.Build.0 = Release|Any CPU
		{37F3A14D-BFF7-4EF5-BC29-1759AF0C5CA3}.Debug|Any CPU.ActiveCfg = Debug|Any CPU
		{37F3A14D-BFF7-4EF5-BC29-1759AF0C5CA3}.Debug|Any CPU.Build.0 = Debug|Any CPU
		{37F3A14D-BFF7-4EF5-BC29-1759AF0C5CA3}.Release|Any CPU.ActiveCfg = Release|Any CPU
		{37F3A14D-BFF7-4EF5-BC29-1759AF0C5CA3}.Release|Any CPU.Build.0 = Release|Any CPU
		{84AEBF40-F180-4366-B298-050B292B325E}.Debug|Any CPU.ActiveCfg = Debug|Any CPU
		{84AEBF40-F180-4366-B298-050B292B325E}.Debug|Any CPU.Build.0 = Debug|Any CPU
		{84AEBF40-F180-4366-B298-050B292B325E}.Release|Any CPU.ActiveCfg = Release|Any CPU
		{84AEBF40-F180-4366-B298-050B292B325E}.Release|Any CPU.Build.0 = Release|Any CPU
		{BFC4AEE8-2344-4D2A-B9C8-A4DF179BAB54}.Debug|Any CPU.ActiveCfg = Debug|Any CPU
		{BFC4AEE8-2344-4D2A-B9C8-A4DF179BAB54}.Debug|Any CPU.Build.0 = Debug|Any CPU
		{BFC4AEE8-2344-4D2A-B9C8-A4DF179BAB54}.Release|Any CPU.ActiveCfg = Release|Any CPU
		{BFC4AEE8-2344-4D2A-B9C8-A4DF179BAB54}.Release|Any CPU.Build.0 = Release|Any CPU
	EndGlobalSection
	GlobalSection(SolutionProperties) = preSolution
		HideSolutionNode = FALSE
	EndGlobalSection
	GlobalSection(ExtensibilityGlobals) = postSolution
		SolutionGuid = {1D1A9ED0-8379-4BB4-B3DC-10C046F5A95B}
	EndGlobalSection
EndGlobal
